#MicroXplorer Configuration settings - do not modify
CAN1.BS1=CAN_BS1_6TQ
CAN1.BS2=CAN_BS2_5TQ
CAN1.CalculateTimeBit=1000
CAN1.CalculateTimeQuantum=83.33333333333334
CAN1.IPParameters=CalculateTimeQuantum,CalculateTimeBit,BS1,BS2,Prescaler
CAN1.Prescaler=3
CAN2.BS1=CAN_BS1_5TQ
CAN2.BS2=CAN_BS2_6TQ
CAN2.CalculateTimeBit=1000
CAN2.CalculateTimeQuantum=83.33333333333334
CAN2.IPParameters=CalculateTimeQuantum,CalculateTimeBit,Prescaler,BS1,BS2
CAN2.Prescaler=3
File.Version=6
KeepUserPlacement=false
Mcu.Family=STM32F1
Mcu.IP0=CAN1
Mcu.IP1=CAN2
Mcu.IP2=NVIC
Mcu.IP3=RCC
Mcu.IP4=SYS
Mcu.IP5=USB_DEVICE
Mcu.IP6=USB_OTG_FS
Mcu.IPNb=7
Mcu.Name=STM32F105R(8-B-C)Tx
Mcu.Package=LQFP64
Mcu.Pin0=PD0-OSC_IN
Mcu.Pin1=PD1-OSC_OUT
Mcu.Pin2=PB12
Mcu.Pin3=PB13
Mcu.Pin4=PA11
Mcu.Pin5=PA12
Mcu.Pin6=PB8
Mcu.Pin7=PB9
Mcu.Pin8=VP_SYS_VS_Systick
Mcu.Pin9=VP_USB_DEVICE_VS_USB_DEVICE_CDC_FS
Mcu.PinsNb=10
Mcu.UserConstants=
Mcu.UserName=STM32F105RBTx
MxCube.Version=4.13.1
MxDb.Version=DB.4.0.130
NVIC.CAN1_RX0_IRQn=true\:0\:0\:false
NVIC.CAN1_TX_IRQn=true\:0\:0\:false
NVIC.CAN2_RX0_IRQn=true\:0\:0\:false
NVIC.CAN2_TX_IRQn=true\:0\:0\:false
NVIC.OTG_FS_IRQn=true\:0\:0\:false
NVIC.PriorityGroup=NVIC_PRIORITYGROUP_4
NVIC.SysTick_IRQn=true\:0\:0\:false
PA11.Mode=Device_Only
PA11.Signal=USB_OTG_FS_DM
PA12.Mode=Device_Only
PA12.Signal=USB_OTG_FS_DP
PB12.Mode=Slave
PB12.Signal=CAN2_RX
PB13.Mode=Slave
PB13.Signal=CAN2_TX
PB8.Mode=Master
PB8.Signal=CAN1_RX
PB9.Mode=Master
PB9.Signal=CAN1_TX
PCC.Checker=false
PCC.Line=STM32F105/107
PCC.MCU=STM32F105R(8-B-C)Tx
PCC.MXVersion=4.13.1
PCC.PartNumber=STM32F105RBTx
PCC.Seq0=0
PCC.Series=STM32F1
PCC.Temperature=25
PCC.Vdd=3.3
PD0-OSC_IN.Mode=HSE-External-Oscillator
PD0-OSC_IN.Signal=RCC_OSC_IN
PD1-OSC_OUT.Mode=HSE-External-Oscillator
PD1-OSC_OUT.Signal=RCC_OSC_OUT
ProjectManager.AskForMigrate=true
ProjectManager.BackupPrevious=false
ProjectManager.CompilerOptimize=2
ProjectManager.ComputerToolchain=false
ProjectManager.CoupleFile=false
ProjectManager.DeletePrevious=true
ProjectManager.DeviceId=STM32F105RBTx
ProjectManager.FirmwarePackage=STM32Cube FW_F1 V1.3.1
ProjectManager.FreePins=false
ProjectManager.HalAssertFull=false
ProjectManager.HeapSize=0x400
ProjectManager.KeepUserCode=true
ProjectManager.LastFirmware=true
ProjectManager.LibraryCopy=0
ProjectManager.ProjectBuild=false
ProjectManager.ProjectFileName=STM32F1_can_.ioc
ProjectManager.ProjectName=STM32F1_can_
ProjectManager.StackSize=0x200
ProjectManager.TargetToolchain=MDK-ARM V5
ProjectManager.ToolChainLocation=
ProjectManager.functionlistsort=1-MX_GPIO_Init-GPIO-false,2-MX_CAN1_Init-CAN1-false,3-MX_CAN2_Init-CAN2-false,4-MX_USB_DEVICE_Init-USB_DEVICE-false
RCC.ADCFreqValue=36000000
RCC.AHBFreq_Value=72000000
RCC.APB1CLKDivider=RCC_HCLK_DIV2
RCC.APB1Freq_Value=36000000
RCC.APB1TimFreq_Value=72000000
RCC.APB2Freq_Value=72000000
RCC.APB2TimFreq_Value=72000000
RCC.FCLKCortexFreq_Value=72000000
RCC.FamilyName=M
RCC.HCLKFreq_Value=72000000
RCC.HSIState=RCC_HSI_ON
RCC.I2S2Freq_Value=72000000
RCC.I2S3Freq_Value=72000000
RCC.IPParameters=FamilyName,PLLCLKFreq_Value,USBFreq_Value,TimSysFreq_Value,VCOOutput2Freq_Value,PLLMUL,SYSCLKSource,HCLKFreq_Value,AHBFreq_Value,FCLKCortexFreq_Value,APB1TimFreq_Value,APB1Freq_Value,APB2TimFreq_Value,APB2Freq_Value,ADCFreqValue,MCOFreq_Value,I2S2Freq_Value,I2S3Freq_Value,SYSCLKFreq_VALUE,APB1CLKDivider,HSIState
RCC.MCOFreq_Value=72000000
RCC.PLLCLKFreq_Value=72000000
RCC.PLLMUL=RCC_PLL_MUL9
RCC.SYSCLKFreq_VALUE=72000000
RCC.SYSCLKSource=RCC_SYSCLKSOURCE_PLLCLK
RCC.TimSysFreq_Value=72000000
RCC.USBFreq_Value=48000000
RCC.VCOOutput2Freq_Value=8000000
USB_DEVICE.IPParameters=VirtualMode,VirtualModeFS,USBD_HandleTypeDef
USB_DEVICE.USBD_HandleTypeDef=hUsbDeviceFS
USB_DEVICE.VirtualMode=Cdc
USB_DEVICE.VirtualModeFS=Cdc_FS
USB_OTG_FS.IPParameters=VirtualMode
USB_OTG_FS.VirtualMode=Device_Only
VP_SYS_VS_Systick.Mode=SysTick
VP_SYS_VS_Systick.Signal=SYS_VS_Systick
VP_USB_DEVICE_VS_USB_DEVICE_CDC_FS.Mode=CDC_FS
VP_USB_DEVICE_VS_USB_DEVICE_CDC_FS.Signal=USB_DEVICE_VS_USB_DEVICE_CDC_FS
board=STM32F1_can_
